
Microsoft Visual Studio Solution File, Format Version 12.00
# Visual Studio Version 16
VisualStudioVersion = 16.0.31702.278
MinimumVisualStudioVersion = 10.0.40219.1
Project("{FAE04EC0-301F-11D3-BF4B-00C04F79EFBC}") = "LinkedList2", "LinkedList2\LinkedList2.csproj", "{AEB4B351-6C71-4D62-AEE2-299F0C271345}"
EndProject
Global
	GlobalSection(SolutionConfigurationPlatforms) = preSolution
		Debug|Any CPU = Debug|Any CPU
		Release|Any CPU = Release|Any CPU
	EndGlobalSection
	GlobalSection(ProjectConfigurationPlatforms) = postSolution
		{AEB4B351-6C71-4D62-AEE2-299F0C271345}.Debug|Any CPU.ActiveCfg = Debug|Any CPU
		{AEB4B351-6C71-4D62-AEE2-299F0C271345}.Debug|Any CPU.Build.0 = Debug|Any CPU
		{AEB4B351-6C71-4D62-AEE2-299F0C271345}.Release|Any CPU.ActiveCfg = Release|Any CPU
		{AEB4B351-6C71-4D62-AEE2-299F0C271345}.Release|Any CPU.Build.0 = Release|Any CPU
	EndGlobalSection
	GlobalSection(SolutionProperties) = preSolution
		HideSolutionNode = FALSE
	EndGlobalSection
	GlobalSection(ExtensibilityGlobals) = postSolution
		SolutionGuid = {601E2E0D-C374-4F3E-A6C4-B2A94E97D599}
	EndGlobalSection
EndGlobal
